
Microsoft Visual Studio Solution File, Format Version 12.00
# Visual Studio Version 16
VisualStudioVersion = 16.0.31624.102
MinimumVisualStudioVersion = 10.0.40219.1
Project("{FAE04EC0-301F-11D3-BF4B-00C04F79EFBC}") = "CodingProblems", "CodingProblems\CodingProblems.csproj", "{1FA2DC1E-79BB-41F4-A02A-C77D1D849ADB}"
EndProject
Project("{FAE04EC0-301F-11D3-BF4B-00C04F79EFBC}") = "CodingProblems.Tests", "CodingProblems.Tests\CodingProblems.Tests.csproj", "{2C8842CB-D088-4C4A-B010-B94D3CC727E3}"
EndProject
Global
	GlobalSection(SolutionConfigurationPlatforms) = preSolution
		Debug|Any CPU = Debug|Any CPU
		Release|Any CPU = Release|Any CPU
	EndGlobalSection
	GlobalSection(ProjectConfigurationPlatforms) = postSolution
		{1FA2DC1E-79BB-41F4-A02A-C77D1D849ADB}.Debug|Any CPU.ActiveCfg = Debug|Any CPU
		{1FA2DC1E-79BB-41F4-A02A-C77D1D849ADB}.Debug|Any CPU.Build.0 = Debug|Any CPU
		{1FA2DC1E-79BB-41F4-A02A-C77D1D849ADB}.Release|Any CPU.ActiveCfg = Release|Any CPU
		{1FA2DC1E-79BB-41F4-A02A-C77D1D849ADB}.Release|Any CPU.Build.0 = Release|Any CPU
		{2C8842CB-D088-4C4A-B010-B94D3CC727E3}.Debug|Any CPU.ActiveCfg = Debug|Any CPU
		{2C8842CB-D088-4C4A-B010-B94D3CC727E3}.Debug|Any CPU.Build.0 = Debug|Any CPU
		{2C8842CB-D088-4C4A-B010-B94D3CC727E3}.Release|Any CPU.ActiveCfg = Release|Any CPU
		{2C8842CB-D088-4C4A-B010-B94D3CC727E3}.Release|Any CPU.Build.0 = Release|Any CPU
	EndGlobalSection
	GlobalSection(SolutionProperties) = preSolution
		HideSolutionNode = FALSE
	EndGlobalSection
	GlobalSection(ExtensibilityGlobals) = postSolution
		SolutionGuid = {3C858BDA-DACA-44A7-91E3-0BA34BC18D59}
	EndGlobalSection
EndGlobal
